
Microsoft Visual Studio Solution File, Format Version 12.00
# Visual Studio Version 16
VisualStudioVersion = 16.0.29709.97
MinimumVisualStudioVersion = 10.0.40219.1
Project("{FAE04EC0-301F-11D3-BF4B-00C04F79EFBC}") = "ShopContent_Yar", "ShopContent_Yar\ShopContent_Yar.csproj", "{7AE5781C-A129-4F64-A856-A3A0E7913FCC}"
EndProject
Global
	GlobalSection(SolutionConfigurationPlatforms) = preSolution
		Debug|Any CPU = Debug|Any CPU
		Release|Any CPU = Release|Any CPU
	EndGlobalSection
	GlobalSection(ProjectConfigurationPlatforms) = postSolution
		{7AE5781C-A129-4F64-A856-A3A0E7913FCC}.Debug|Any CPU.ActiveCfg = Debug|Any CPU
		{7AE5781C-A129-4F64-A856-A3A0E7913FCC}.Debug|Any CPU.Build.0 = Debug|Any CPU
		{7AE5781C-A129-4F64-A856-A3A0E7913FCC}.Release|Any CPU.ActiveCfg = Release|Any CPU
		{7AE5781C-A129-4F64-A856-A3A0E7913FCC}.Release|Any CPU.Build.0 = Release|Any CPU
	EndGlobalSection
	GlobalSection(SolutionProperties) = preSolution
		HideSolutionNode = FALSE
	EndGlobalSection
	GlobalSection(ExtensibilityGlobals) = postSolution
		SolutionGuid = {2A6963C7-4AF1-4BAC-9773-87F2169AB7C9}
	EndGlobalSection
EndGlobal
